
Microsoft Visual Studio Solution File, Format Version 12.00
# Visual Studio Version 17
VisualStudioVersion = 17.7.34003.232
MinimumVisualStudioVersion = 10.0.40219.1
Project("{FAE04EC0-301F-11D3-BF4B-00C04F79EFBC}") = "EasyUnitTest1", "UnitTestProject1\EasyUnitTest1.csproj", "{2B94FD7A-EB73-4FEB-B2D1-42BED7AB4038}"
EndProject
Project("{FAE04EC0-301F-11D3-BF4B-00C04F79EFBC}") = "EasyUnitTest2", "EasyUnitTest2\EasyUnitTest2.csproj", "{4E51A223-690E-4A89-8EDB-8BFB8ADC6D6B}"
EndProject
Project("{FAE04EC0-301F-11D3-BF4B-00C04F79EFBC}") = "EsayUnitTest3", "EsayUnitTest3\EsayUnitTest3.csproj", "{A0EA87F4-BB8E-4929-B21B-1A24D2181543}"
EndProject
Project("{FAE04EC0-301F-11D3-BF4B-00C04F79EFBC}") = "HardUnitTest1", "HardUnitTest1\HardUnitTest1.csproj", "{FABD9EA5-FCEA-45D8-B196-EEBAB2402BB9}"
EndProject
Project("{FAE04EC0-301F-11D3-BF4B-00C04F79EFBC}") = "HardUnitTest2", "HardUnitTest2\HardUnitTest2.csproj", "{4B5AAF24-9AA9-4CC0-BF7A-A44AA35897D6}"
EndProject
Project("{2150E333-8FDC-42A3-9474-1A3956D46DE8}") = "Tests", "Tests", "{E3A93E06-802C-4D90-A3E3-8C8CAA930077}"
EndProject
Project("{2150E333-8FDC-42A3-9474-1A3956D46DE8}") = "Projects", "Projects", "{107D3741-0E39-4FD7-AE9D-6B11AE94BF62}"
EndProject
Project("{FAE04EC0-301F-11D3-BF4B-00C04F79EFBC}") = "1_Parity_Check", "1_Parity_Check\1_Parity_Check.csproj", "{36E10555-1461-4377-998F-CC8EA4F369BA}"
EndProject
Project("{FAE04EC0-301F-11D3-BF4B-00C04F79EFBC}") = "_2E_PalindromeCheck", "_2E_PalindromeCheck\_2E_PalindromeCheck.csproj", "{C1484A8A-FF0E-45E1-9EA5-037D16E74EC3}"
EndProject
Project("{FAE04EC0-301F-11D3-BF4B-00C04F79EFBC}") = "__3E_LinelengthCheck", "__3E_LinelengthCheck\__3E_LinelengthCheck.csproj", "{D65D439A-0176-483C-8480-E9A2A8EABB78}"
EndProject
Project("{FAE04EC0-301F-11D3-BF4B-00C04F79EFBC}") = "CountWords", "CountWords\CountWords.csproj", "{7CD6E8F8-3FCE-4EBF-9C32-9CE0E9A86FAD}"
EndProject
Project("{FAE04EC0-301F-11D3-BF4B-00C04F79EFBC}") = "ContainsSubstring", "ContainsSubstring\ContainsSubstring.csproj", "{0BAA2FEA-5A9D-4AD2-B902-F550F3722906}"
EndProject
Global
	GlobalSection(SolutionConfigurationPlatforms) = preSolution
		Debug|Any CPU = Debug|Any CPU
		Release|Any CPU = Release|Any CPU
	EndGlobalSection
	GlobalSection(ProjectConfigurationPlatforms) = postSolution
		{2B94FD7A-EB73-4FEB-B2D1-42BED7AB4038}.Debug|Any CPU.ActiveCfg = Debug|Any CPU
		{2B94FD7A-EB73-4FEB-B2D1-42BED7AB4038}.Debug|Any CPU.Build.0 = Debug|Any CPU
		{2B94FD7A-EB73-4FEB-B2D1-42BED7AB4038}.Release|Any CPU.ActiveCfg = Release|Any CPU
		{2B94FD7A-EB73-4FEB-B2D1-42BED7AB4038}.Release|Any CPU.Build.0 = Release|Any CPU
		{4E51A223-690E-4A89-8EDB-8BFB8ADC6D6B}.Debug|Any CPU.ActiveCfg = Debug|Any CPU
		{4E51A223-690E-4A89-8EDB-8BFB8ADC6D6B}.Debug|Any CPU.Build.0 = Debug|Any CPU
		{4E51A223-690E-4A89-8EDB-8BFB8ADC6D6B}.Release|Any CPU.ActiveCfg = Release|Any CPU
		{4E51A223-690E-4A89-8EDB-8BFB8ADC6D6B}.Release|Any CPU.Build.0 = Release|Any CPU
		{A0EA87F4-BB8E-4929-B21B-1A24D2181543}.Debug|Any CPU.ActiveCfg = Debug|Any CPU
		{A0EA87F4-BB8E-4929-B21B-1A24D2181543}.Debug|Any CPU.Build.0 = Debug|Any CPU
		{A0EA87F4-BB8E-4929-B21B-1A24D2181543}.Release|Any CPU.ActiveCfg = Release|Any CPU
		{A0EA87F4-BB8E-4929-B21B-1A24D2181543}.Release|Any CPU.Build.0 = Release|Any CPU
		{FABD9EA5-FCEA-45D8-B196-EEBAB2402BB9}.Debug|Any CPU.ActiveCfg = Debug|Any CPU
		{FABD9EA5-FCEA-45D8-B196-EEBAB2402BB9}.Debug|Any CPU.Build.0 = Debug|Any CPU
		{FABD9EA5-FCEA-45D8-B196-EEBAB2402BB9}.Release|Any CPU.ActiveCfg = Release|Any CPU
		{FABD9EA5-FCEA-45D8-B196-EEBAB2402BB9}.Release|Any CPU.Build.0 = Release|Any CPU
		{4B5AAF24-9AA9-4CC0-BF7A-A44AA35897D6}.Debug|Any CPU.ActiveCfg = Debug|Any CPU
		{4B5AAF24-9AA9-4CC0-BF7A-A44AA35897D6}.Debug|Any CPU.Build.0 = Debug|Any CPU
		{4B5AAF24-9AA9-4CC0-BF7A-A44AA35897D6}.Release|Any CPU.ActiveCfg = Release|Any CPU
		{4B5AAF24-9AA9-4CC0-BF7A-A44AA35897D6}.Release|Any CPU.Build.0 = Release|Any CPU
		{36E10555-1461-4377-998F-CC8EA4F369BA}.Debug|Any CPU.ActiveCfg = Debug|Any CPU
		{36E10555-1461-4377-998F-CC8EA4F369BA}.Debug|Any CPU.Build.0 = Debug|Any CPU
		{36E10555-1461-4377-998F-CC8EA4F369BA}.Release|Any CPU.ActiveCfg = Release|Any CPU
		{36E10555-1461-4377-998F-CC8EA4F369BA}.Release|Any CPU.Build.0 = Release|Any CPU
		{C1484A8A-FF0E-45E1-9EA5-037D16E74EC3}.Debug|Any CPU.ActiveCfg = Debug|Any CPU
		{C1484A8A-FF0E-45E1-9EA5-037D16E74EC3}.Debug|Any CPU.Build.0 = Debug|Any CPU
		{C1484A8A-FF0E-45E1-9EA5-037D16E74EC3}.Release|Any CPU.ActiveCfg = Release|Any CPU
		{C1484A8A-FF0E-45E1-9EA5-037D16E74EC3}.Release|Any CPU.Build.0 = Release|Any CPU
		{D65D439A-0176-483C-8480-E9A2A8EABB78}.Debug|Any CPU.ActiveCfg = Debug|Any CPU
		{D65D439A-0176-483C-8480-E9A2A8EABB78}.Debug|Any CPU.Build.0 = Debug|Any CPU
		{D65D439A-0176-483C-8480-E9A2A8EABB78}.Release|Any CPU.ActiveCfg = Release|Any CPU
		{D65D439A-0176-483C-8480-E9A2A8EABB78}.Release|Any CPU.Build.0 = Release|Any CPU
		{7CD6E8F8-3FCE-4EBF-9C32-9CE0E9A86FAD}.Debug|Any CPU.ActiveCfg = Debug|Any CPU
		{7CD6E8F8-3FCE-4EBF-9C32-9CE0E9A86FAD}.Debug|Any CPU.Build.0 = Debug|Any CPU
		{7CD6E8F8-3FCE-4EBF-9C32-9CE0E9A86FAD}.Release|Any CPU.ActiveCfg = Release|Any CPU
		{7CD6E8F8-3FCE-4EBF-9C32-9CE0E9A86FAD}.Release|Any CPU.Build.0 = Release|Any CPU
		{0BAA2FEA-5A9D-4AD2-B902-F550F3722906}.Debug|Any CPU.ActiveCfg = Debug|Any CPU
		{0BAA2FEA-5A9D-4AD2-B902-F550F3722906}.Debug|Any CPU.Build.0 = Debug|Any CPU
		{0BAA2FEA-5A9D-4AD2-B902-F550F3722906}.Release|Any CPU.ActiveCfg = Release|Any CPU
		{0BAA2FEA-5A9D-4AD2-B902-F550F3722906}.Release|Any CPU.Build.0 = Release|Any CPU
	EndGlobalSection
	GlobalSection(SolutionProperties) = preSolution
		HideSolutionNode = FALSE
	EndGlobalSection
	GlobalSection(NestedProjects) = preSolution
		{2B94FD7A-EB73-4FEB-B2D1-42BED7AB4038} = {E3A93E06-802C-4D90-A3E3-8C8CAA930077}
		{4E51A223-690E-4A89-8EDB-8BFB8ADC6D6B} = {E3A93E06-802C-4D90-A3E3-8C8CAA930077}
		{A0EA87F4-BB8E-4929-B21B-1A24D2181543} = {E3A93E06-802C-4D90-A3E3-8C8CAA930077}
		{FABD9EA5-FCEA-45D8-B196-EEBAB2402BB9} = {E3A93E06-802C-4D90-A3E3-8C8CAA930077}
		{4B5AAF24-9AA9-4CC0-BF7A-A44AA35897D6} = {E3A93E06-802C-4D90-A3E3-8C8CAA930077}
		{36E10555-1461-4377-998F-CC8EA4F369BA} = {107D3741-0E39-4FD7-AE9D-6B11AE94BF62}
		{C1484A8A-FF0E-45E1-9EA5-037D16E74EC3} = {107D3741-0E39-4FD7-AE9D-6B11AE94BF62}
		{D65D439A-0176-483C-8480-E9A2A8EABB78} = {107D3741-0E39-4FD7-AE9D-6B11AE94BF62}
		{7CD6E8F8-3FCE-4EBF-9C32-9CE0E9A86FAD} = {107D3741-0E39-4FD7-AE9D-6B11AE94BF62}
		{0BAA2FEA-5A9D-4AD2-B902-F550F3722906} = {107D3741-0E39-4FD7-AE9D-6B11AE94BF62}
	EndGlobalSection
	GlobalSection(ExtensibilityGlobals) = postSolution
		SolutionGuid = {F8B97F3E-FF99-4688-B003-2AA4CE7C1B84}
	EndGlobalSection
EndGlobal
